
Microsoft Visual Studio Solution File, Format Version 12.00
# Visual Studio 15
VisualStudioVersion = 15.0.27428.2002
MinimumVisualStudioVersion = 10.0.40219.1
Project("{FAE04EC0-301F-11D3-BF4B-00C04F79EFBC}") = "ASPdotNETcoreAssignment", "ASPdotNETcoreAssignment\ASPdotNETcoreAssignment.csproj", "{4CC51E56-E2FF-4798-9985-879F9DC1F9CC}"
EndProject
Global
	GlobalSection(SolutionConfigurationPlatforms) = preSolution
		Debug|Any CPU = Debug|Any CPU
		Release|Any CPU = Release|Any CPU
	EndGlobalSection
	GlobalSection(ProjectConfigurationPlatforms) = postSolution
		{4CC51E56-E2FF-4798-9985-879F9DC1F9CC}.Debug|Any CPU.ActiveCfg = Debug|Any CPU
		{4CC51E56-E2FF-4798-9985-879F9DC1F9CC}.Debug|Any CPU.Build.0 = Debug|Any CPU
		{4CC51E56-E2FF-4798-9985-879F9DC1F9CC}.Release|Any CPU.ActiveCfg = Release|Any CPU
		{4CC51E56-E2FF-4798-9985-879F9DC1F9CC}.Release|Any CPU.Build.0 = Release|Any CPU
	EndGlobalSection
	GlobalSection(SolutionProperties) = preSolution
		HideSolutionNode = FALSE
	EndGlobalSection
	GlobalSection(ExtensibilityGlobals) = postSolution
		SolutionGuid = {9424929C-2BBB-4F00-889C-BB474551290F}
	EndGlobalSection
EndGlobal
